
Microsoft Visual Studio Solution File, Format Version 12.00
# Visual Studio Version 16
VisualStudioVersion = 16.0.29102.190
MinimumVisualStudioVersion = 10.0.40219.1
Project("{888888A0-9F3D-457C-B088-3A5042F75D52}") = "Python-FiguresGenerator", "Python-FiguresGenerator.pyproj", "{70F4E6F0-F858-493C-9B22-2ED8B1B107C6}"
EndProject
Global
	GlobalSection(SolutionConfigurationPlatforms) = preSolution
		Debug|Any CPU = Debug|Any CPU
		Release|Any CPU = Release|Any CPU
	EndGlobalSection
	GlobalSection(ProjectConfigurationPlatforms) = postSolution
		{70F4E6F0-F858-493C-9B22-2ED8B1B107C6}.Debug|Any CPU.ActiveCfg = Debug|Any CPU
		{70F4E6F0-F858-493C-9B22-2ED8B1B107C6}.Release|Any CPU.ActiveCfg = Release|Any CPU
	EndGlobalSection
	GlobalSection(SolutionProperties) = preSolution
		HideSolutionNode = FALSE
	EndGlobalSection
	GlobalSection(ExtensibilityGlobals) = postSolution
		SolutionGuid = {98FDB38A-3E40-4413-85B8-0466BF627B18}
	EndGlobalSection
EndGlobal
